
Microsoft Visual Studio Solution File, Format Version 12.00
# Visual Studio Version 16
VisualStudioVersion = 16.0.30225.117
MinimumVisualStudioVersion = 10.0.40219.1
Project("{FAE04EC0-301F-11D3-BF4B-00C04F79EFBC}") = "ConsoleApp69", "ConsoleApp69\ConsoleApp69.csproj", "{586E958B-D2F3-4079-8615-38D701F75870}"
EndProject
Global
	GlobalSection(SolutionConfigurationPlatforms) = preSolution
		Debug|Any CPU = Debug|Any CPU
		Release|Any CPU = Release|Any CPU
	EndGlobalSection
	GlobalSection(ProjectConfigurationPlatforms) = postSolution
		{586E958B-D2F3-4079-8615-38D701F75870}.Debug|Any CPU.ActiveCfg = Debug|Any CPU
		{586E958B-D2F3-4079-8615-38D701F75870}.Debug|Any CPU.Build.0 = Debug|Any CPU
		{586E958B-D2F3-4079-8615-38D701F75870}.Release|Any CPU.ActiveCfg = Release|Any CPU
		{586E958B-D2F3-4079-8615-38D701F75870}.Release|Any CPU.Build.0 = Release|Any CPU
	EndGlobalSection
	GlobalSection(SolutionProperties) = preSolution
		HideSolutionNode = FALSE
	EndGlobalSection
	GlobalSection(ExtensibilityGlobals) = postSolution
		SolutionGuid = {57666C20-A29C-4EB4-8D38-85B0CC4D2186}
	EndGlobalSection
EndGlobal
